{
  "version": "4",
  "specifiers": {
    "jsr:@std/async@^1.0.8": "1.0.8",
    "jsr:@std/html@^1.0.3": "1.0.3"
  },
  "jsr": {
    "@std/async@1.0.8": {
      "integrity": "c057c5211a0f1d12e7dcd111ab430091301b8d64b4250052a79d277383bc3ba7"
    },
    "@std/html@1.0.3": {
      "integrity": "7a0ac35e050431fb49d44e61c8b8aac1ebd55937e0dc9ec6409aa4bab39a7988"
    }
  },
  "workspace": {
    "dependencies": [
      "jsr:@http/host-deno-local@0.24",
      "jsr:@http/jsx-stream@*",
      "jsr:@http/response@0.24",
      "jsr:@http/route@0.24",
      "jsr:@std/async@^1.0.8",
      "jsr:@std/html@^1.0.3"
    ]
  }
}
