{
  "version": "3",
  "packages": {
    "specifiers": {
      "jsr:@std/async@^1.0.0-rc.3": "jsr:@std/async@1.0.0-rc.3",
      "jsr:@std/html@^1.0.0-rc.2": "jsr:@std/html@1.0.0-rc.2"
    },
    "jsr": {
      "@std/async@1.0.0-rc.3": {
        "integrity": "f0f1cb8cca0981c1ed0a5cf1b264bc3f0a44129e53a94be1e80cebeb2817633b"
      },
      "@std/html@1.0.0-rc.2": {
        "integrity": "d120b6e4754e6175eb020b31fb6492da117fdcf924a089169f29b78ba5c4d51a"
      }
    }
  },
  "remote": {},
  "workspace": {
    "dependencies": [
      "jsr:@http/host-deno-local@^0.19.0",
      "jsr:@http/jsx-stream",
      "jsr:@http/response@^0.19.0",
      "jsr:@http/route@^0.19.0",
      "jsr:@std/async@^1.0.0-rc.3",
      "jsr:@std/html@^1.0.0-rc.2"
    ]
  }
}
